
Microsoft Visual Studio Solution File, Format Version 12.00
# Visual Studio Version 17
VisualStudioVersion = 17.6.33829.357
MinimumVisualStudioVersion = 10.0.40219.1
Project("{FAE04EC0-301F-11D3-BF4B-00C04F79EFBC}") = "WebApi", "WebApi\WebApi.csproj", "{2F90C3CB-033F-481B-B582-28EA5EB893ED}"
EndProject
Project("{FAE04EC0-301F-11D3-BF4B-00C04F79EFBC}") = "Persistence", "Persistence\Persistence.csproj", "{33F8B7E1-0B83-4A98-A38E-8F1EDF5C4F0D}"
EndProject
Project("{FAE04EC0-301F-11D3-BF4B-00C04F79EFBC}") = "Domain", "Domain\Domain.csproj", "{793DACF8-DD88-440D-86FB-3100C33BA54F}"
EndProject
Project("{FAE04EC0-301F-11D3-BF4B-00C04F79EFBC}") = "Application", "Application\Application.csproj", "{13EA4A4A-17F6-409E-88EB-8CB2E4981FF8}"
EndProject
Project("{FAE04EC0-301F-11D3-BF4B-00C04F79EFBC}") = "Infrastructure", "Infrastracture\Infrastructure.csproj", "{ED0B5BE1-4478-454D-9002-CE02A63B1A9A}"
EndProject
Global
	GlobalSection(SolutionConfigurationPlatforms) = preSolution
		Debug|Any CPU = Debug|Any CPU
		Release|Any CPU = Release|Any CPU
	EndGlobalSection
	GlobalSection(ProjectConfigurationPlatforms) = postSolution
		{2F90C3CB-033F-481B-B582-28EA5EB893ED}.Debug|Any CPU.ActiveCfg = Debug|Any CPU
		{2F90C3CB-033F-481B-B582-28EA5EB893ED}.Debug|Any CPU.Build.0 = Debug|Any CPU
		{2F90C3CB-033F-481B-B582-28EA5EB893ED}.Release|Any CPU.ActiveCfg = Release|Any CPU
		{2F90C3CB-033F-481B-B582-28EA5EB893ED}.Release|Any CPU.Build.0 = Release|Any CPU
		{33F8B7E1-0B83-4A98-A38E-8F1EDF5C4F0D}.Debug|Any CPU.ActiveCfg = Debug|Any CPU
		{33F8B7E1-0B83-4A98-A38E-8F1EDF5C4F0D}.Debug|Any CPU.Build.0 = Debug|Any CPU
		{33F8B7E1-0B83-4A98-A38E-8F1EDF5C4F0D}.Release|Any CPU.ActiveCfg = Release|Any CPU
		{33F8B7E1-0B83-4A98-A38E-8F1EDF5C4F0D}.Release|Any CPU.Build.0 = Release|Any CPU
		{793DACF8-DD88-440D-86FB-3100C33BA54F}.Debug|Any CPU.ActiveCfg = Debug|Any CPU
		{793DACF8-DD88-440D-86FB-3100C33BA54F}.Debug|Any CPU.Build.0 = Debug|Any CPU
		{793DACF8-DD88-440D-86FB-3100C33BA54F}.Release|Any CPU.ActiveCfg = Release|Any CPU
		{793DACF8-DD88-440D-86FB-3100C33BA54F}.Release|Any CPU.Build.0 = Release|Any CPU
		{13EA4A4A-17F6-409E-88EB-8CB2E4981FF8}.Debug|Any CPU.ActiveCfg = Debug|Any CPU
		{13EA4A4A-17F6-409E-88EB-8CB2E4981FF8}.Debug|Any CPU.Build.0 = Debug|Any CPU
		{13EA4A4A-17F6-409E-88EB-8CB2E4981FF8}.Release|Any CPU.ActiveCfg = Release|Any CPU
		{13EA4A4A-17F6-409E-88EB-8CB2E4981FF8}.Release|Any CPU.Build.0 = Release|Any CPU
		{ED0B5BE1-4478-454D-9002-CE02A63B1A9A}.Debug|Any CPU.ActiveCfg = Debug|Any CPU
		{ED0B5BE1-4478-454D-9002-CE02A63B1A9A}.Debug|Any CPU.Build.0 = Debug|Any CPU
		{ED0B5BE1-4478-454D-9002-CE02A63B1A9A}.Release|Any CPU.ActiveCfg = Release|Any CPU
		{ED0B5BE1-4478-454D-9002-CE02A63B1A9A}.Release|Any CPU.Build.0 = Release|Any CPU
	EndGlobalSection
	GlobalSection(SolutionProperties) = preSolution
		HideSolutionNode = FALSE
	EndGlobalSection
	GlobalSection(ExtensibilityGlobals) = postSolution
		SolutionGuid = {4500BCF7-16D4-49C2-942F-D6407B735FC6}
	EndGlobalSection
EndGlobal
